
Microsoft Visual Studio Solution File, Format Version 12.00
# Visual Studio Version 17
VisualStudioVersion = 17.9.34616.47
MinimumVisualStudioVersion = 10.0.40219.1
Project("{FAE04EC0-301F-11D3-BF4B-00C04F79EFBC}") = "ServerHackathon.API", "ServerHackathon.API\ServerHackathon.API.csproj", "{2DA271F6-AE79-4EDB-B6A8-A81604F4EA46}"
EndProject
Global
	GlobalSection(SolutionConfigurationPlatforms) = preSolution
		Debug|Any CPU = Debug|Any CPU
		Release|Any CPU = Release|Any CPU
	EndGlobalSection
	GlobalSection(ProjectConfigurationPlatforms) = postSolution
		{2DA271F6-AE79-4EDB-B6A8-A81604F4EA46}.Debug|Any CPU.ActiveCfg = Debug|Any CPU
		{2DA271F6-AE79-4EDB-B6A8-A81604F4EA46}.Debug|Any CPU.Build.0 = Debug|Any CPU
		{2DA271F6-AE79-4EDB-B6A8-A81604F4EA46}.Release|Any CPU.ActiveCfg = Release|Any CPU
		{2DA271F6-AE79-4EDB-B6A8-A81604F4EA46}.Release|Any CPU.Build.0 = Release|Any CPU
	EndGlobalSection
	GlobalSection(SolutionProperties) = preSolution
		HideSolutionNode = FALSE
	EndGlobalSection
	GlobalSection(ExtensibilityGlobals) = postSolution
		SolutionGuid = {F2CA472E-F21B-403F-B605-CF40D973740D}
	EndGlobalSection
EndGlobal
